
Microsoft Visual Studio Solution File, Format Version 12.00
# Visual Studio Version 17
VisualStudioVersion = 17.5.33530.505
MinimumVisualStudioVersion = 10.0.40219.1
Project("{FAE04EC0-301F-11D3-BF4B-00C04F79EFBC}") = "BeratenECommerce", "BeratenECommerce\BeratenECommerce.csproj", "{2E1B6F3B-A04A-4B61-AF32-A283FB76F8FA}"
EndProject
Project("{FAE04EC0-301F-11D3-BF4B-00C04F79EFBC}") = "BeratenECommerceDataAccess", "BeratenECommerceDataAccess\BeratenECommerceDataAccess.csproj", "{81756721-B28D-4857-934F-1A7BD1DE482F}"
EndProject
Project("{FAE04EC0-301F-11D3-BF4B-00C04F79EFBC}") = "BeratenECommerceDomain", "BeratenECommerceDomain\BeratenECommerceDomain.csproj", "{A2E21B91-7E7C-46F1-9B37-B06E19A53EFF}"
EndProject
Global
	GlobalSection(SolutionConfigurationPlatforms) = preSolution
		Debug|Any CPU = Debug|Any CPU
		Release|Any CPU = Release|Any CPU
	EndGlobalSection
	GlobalSection(ProjectConfigurationPlatforms) = postSolution
		{2E1B6F3B-A04A-4B61-AF32-A283FB76F8FA}.Debug|Any CPU.ActiveCfg = Debug|Any CPU
		{2E1B6F3B-A04A-4B61-AF32-A283FB76F8FA}.Debug|Any CPU.Build.0 = Debug|Any CPU
		{2E1B6F3B-A04A-4B61-AF32-A283FB76F8FA}.Release|Any CPU.ActiveCfg = Release|Any CPU
		{2E1B6F3B-A04A-4B61-AF32-A283FB76F8FA}.Release|Any CPU.Build.0 = Release|Any CPU
		{81756721-B28D-4857-934F-1A7BD1DE482F}.Debug|Any CPU.ActiveCfg = Debug|Any CPU
		{81756721-B28D-4857-934F-1A7BD1DE482F}.Debug|Any CPU.Build.0 = Debug|Any CPU
		{81756721-B28D-4857-934F-1A7BD1DE482F}.Release|Any CPU.ActiveCfg = Release|Any CPU
		{81756721-B28D-4857-934F-1A7BD1DE482F}.Release|Any CPU.Build.0 = Release|Any CPU
		{A2E21B91-7E7C-46F1-9B37-B06E19A53EFF}.Debug|Any CPU.ActiveCfg = Debug|Any CPU
		{A2E21B91-7E7C-46F1-9B37-B06E19A53EFF}.Debug|Any CPU.Build.0 = Debug|Any CPU
		{A2E21B91-7E7C-46F1-9B37-B06E19A53EFF}.Release|Any CPU.ActiveCfg = Release|Any CPU
		{A2E21B91-7E7C-46F1-9B37-B06E19A53EFF}.Release|Any CPU.Build.0 = Release|Any CPU
	EndGlobalSection
	GlobalSection(SolutionProperties) = preSolution
		HideSolutionNode = FALSE
	EndGlobalSection
	GlobalSection(ExtensibilityGlobals) = postSolution
		SolutionGuid = {2ECED41F-C63D-4725-97FA-0322A4F54C69}
	EndGlobalSection
EndGlobal
